// !$*UTF8*$!
{
	archiveVersion = 1;
	classes = {
	};
	objectVersion = 46;
	objects = {

/* Begin PBXBuildFile section */
		34FDDB2A1D0998580069481B /* MouseMover.cpp in Sources */ = {isa = PBXBuildFile; fileRef = 34FDDB291D0998580069481B /* MouseMover.cpp */; };
		34FDDB2C1D09989D0069481B /* JavaVM.framework in Frameworks */ = {isa = PBXBuildFile; fileRef = 34FDDB2B1D09989D0069481B /* JavaVM.framework */; };
		34FDDB2E1D0998A30069481B /* ApplicationServices.framework in Frameworks */ = {isa = PBXBuildFile; fileRef = 34FDDB2D1D0998A30069481B /* ApplicationServices.framework */; };
/* End PBXBuildFile section */

/* Begin PBXFileReference section */
		34FDDB221D0998030069481B /* libAutoAxeCreatorJNI.jnilib */ = {isa = PBXFileReference; explicitFileType = archive.ar; includeInIndex = 0; path = libAutoAxeCreatorJNI.jnilib; sourceTree = BUILT_PRODUCTS_DIR; };
		34FDDB291D0998580069481B /* MouseMover.cpp */ = {isa = PBXFileReference; fileEncoding = 4; lastKnownFileType = sourcecode.cpp.cpp; path = MouseMover.cpp; sourceTree = "<group>"; };
		34FDDB2B1D09989D0069481B /* JavaVM.framework */ = {isa = PBXFileReference; lastKnownFileType = wrapper.framework; name = JavaVM.framework; path = System/Library/Frameworks/JavaVM.framework; sourceTree = SDKROOT; };
		34FDDB2D1D0998A30069481B /* ApplicationServices.framework */ = {isa = PBXFileReference; lastKnownFileType = wrapper.framework; name = ApplicationServices.framework; path = System/Library/Frameworks/ApplicationServices.framework; sourceTree = SDKROOT; };
/* End PBXFileReference section */

/* Begin PBXFrameworksBuildPhase section */
		34FDDB1F1D0998030069481B /* Frameworks */ = {
			isa = PBXFrameworksBuildPhase;
			buildActionMask = 2147483647;
			files = (
				34FDDB2E1D0998A30069481B /* ApplicationServices.framework in Frameworks */,
				34FDDB2C1D09989D0069481B /* JavaVM.framework in Frameworks */,
			);
			runOnlyForDeploymentPostprocessing = 0;
		};
/* End PBXFrameworksBuildPhase section */

/* Begin PBXGroup section */
		34FDDB191D0998030069481B = {
			isa = PBXGroup;
			children = (
				34FDDB2D1D0998A30069481B /* ApplicationServices.framework */,
				34FDDB2B1D09989D0069481B /* JavaVM.framework */,
				34FDDB291D0998580069481B /* MouseMover.cpp */,
				34FDDB231D0998030069481B /* Products */,
			);
			sourceTree = "<group>";
		};
		34FDDB231D0998030069481B /* Products */ = {
			isa = PBXGroup;
			children = (
				34FDDB221D0998030069481B /* libAutoAxeCreatorJNI.jnilib */,
			);
			name = Products;
			sourceTree = "<group>";
		};
/* End PBXGroup section */

/* Begin PBXHeadersBuildPhase section */
		34FDDB201D0998030069481B /* Headers */ = {
			isa = PBXHeadersBuildPhase;
			buildActionMask = 2147483647;
			files = (
			);
			runOnlyForDeploymentPostprocessing = 0;
		};
/* End PBXHeadersBuildPhase section */

/* Begin PBXNativeTarget section */
		34FDDB211D0998030069481B /* AutoAxeCreatorJNI */ = {
			isa = PBXNativeTarget;
			buildConfigurationList = 34FDDB261D0998030069481B /* Build configuration list for PBXNativeTarget "AutoAxeCreatorJNI" */;
			buildPhases = (
				34FDDB1E1D0998030069481B /* Sources */,
				34FDDB1F1D0998030069481B /* Frameworks */,
				34FDDB201D0998030069481B /* Headers */,
			);
			buildRules = (
			);
			dependencies = (
			);
			name = AutoAxeCreatorJNI;
			productName = AutoAxeCreatorJNI;
			productReference = 34FDDB221D0998030069481B /* libAutoAxeCreatorJNI.jnilib */;
			productType = "com.apple.product-type.library.static";
		};
/* End PBXNativeTarget section */

/* Begin PBXProject section */
		34FDDB1A1D0998030069481B /* Project object */ = {
			isa = PBXProject;
			attributes = {
				LastUpgradeCheck = 0730;
				ORGANIZATIONNAME = "垣見　正人";
				TargetAttributes = {
					34FDDB211D0998030069481B = {
						CreatedOnToolsVersion = 7.3;
					};
				};
			};
			buildConfigurationList = 34FDDB1D1D0998030069481B /* Build configuration list for PBXProject "AutoAxeCreatorJNI" */;
			compatibilityVersion = "Xcode 3.2";
			developmentRegion = English;
			hasScannedForEncodings = 0;
			knownRegions = (
				en,
			);
			mainGroup = 34FDDB191D0998030069481B;
			productRefGroup = 34FDDB231D0998030069481B /* Products */;
			projectDirPath = "";
			projectRoot = "";
			targets = (
				34FDDB211D0998030069481B /* AutoAxeCreatorJNI */,
			);
		};
/* End PBXProject section */

/* Begin PBXSourcesBuildPhase section */
		34FDDB1E1D0998030069481B /* Sources */ = {
			isa = PBXSourcesBuildPhase;
			buildActionMask = 2147483647;
			files = (
				34FDDB2A1D0998580069481B /* MouseMover.cpp in Sources */,
			);
			runOnlyForDeploymentPostprocessing = 0;
		};
/* End PBXSourcesBuildPhase section */

/* Begin XCBuildConfiguration section */
		34FDDB241D0998030069481B /* Debug */ = {
			isa = XCBuildConfiguration;
			buildSettings = {
				ALWAYS_SEARCH_USER_PATHS = NO;
				CLANG_ANALYZER_NONNULL = YES;
				CLANG_CXX_LANGUAGE_STANDARD = "gnu++0x";
				CLANG_CXX_LIBRARY = "libc++";
				CLANG_ENABLE_MODULES = YES;
				CLANG_ENABLE_OBJC_ARC = YES;
				CLANG_WARN_BOOL_CONVERSION = YES;
				CLANG_WARN_CONSTANT_CONVERSION = YES;
				CLANG_WARN_DIRECT_OBJC_ISA_USAGE = YES_ERROR;
				CLANG_WARN_EMPTY_BODY = YES;
				CLANG_WARN_ENUM_CONVERSION = YES;
				CLANG_WARN_INT_CONVERSION = YES;
				CLANG_WARN_OBJC_ROOT_CLASS = YES_ERROR;
				CLANG_WARN_UNREACHABLE_CODE = YES;
				CLANG_WARN__DUPLICATE_METHOD_MATCH = YES;
				CODE_SIGN_IDENTITY = "-";
				COPY_PHASE_STRIP = NO;
				DEBUG_INFORMATION_FORMAT = dwarf;
				ENABLE_STRICT_OBJC_MSGSEND = YES;
				ENABLE_TESTABILITY = YES;
				GCC_C_LANGUAGE_STANDARD = gnu99;
				GCC_DYNAMIC_NO_PIC = NO;
				GCC_NO_COMMON_BLOCKS = YES;
				GCC_OPTIMIZATION_LEVEL = 0;
				GCC_PREPROCESSOR_DEFINITIONS = (
					"DEBUG=1",
					"$(inherited)",
				);
				GCC_WARN_64_TO_32_BIT_CONVERSION = YES;
				GCC_WARN_ABOUT_RETURN_TYPE = YES_ERROR;
				GCC_WARN_UNDECLARED_SELECTOR = YES;
				GCC_WARN_UNINITIALIZED_AUTOS = YES_AGGRESSIVE;
				GCC_WARN_UNUSED_FUNCTION = YES;
				GCC_WARN_UNUSED_VARIABLE = YES;
				MACOSX_DEPLOYMENT_TARGET = 10.11;
				MTL_ENABLE_DEBUG_INFO = YES;
				ONLY_ACTIVE_ARCH = YES;
				SDKROOT = macosx;
			};
			name = Debug;
		};
		34FDDB251D0998030069481B /* Release */ = {
			isa = XCBuildConfiguration;
			buildSettings = {
				ALWAYS_SEARCH_USER_PATHS = NO;
				CLANG_ANALYZER_NONNULL = YES;
				CLANG_CXX_LANGUAGE_STANDARD = "gnu++0x";
				CLANG_CXX_LIBRARY = "libc++";
				CLANG_ENABLE_MODULES = YES;
				CLANG_ENABLE_OBJC_ARC = YES;
				CLANG_WARN_BOOL_CONVERSION = YES;
				CLANG_WARN_CONSTANT_CONVERSION = YES;
				CLANG_WARN_DIRECT_OBJC_ISA_USAGE = YES_ERROR;
				CLANG_WARN_EMPTY_BODY = YES;
				CLANG_WARN_ENUM_CONVERSION = YES;
				CLANG_WARN_INT_CONVERSION = YES;
				CLANG_WARN_OBJC_ROOT_CLASS = YES_ERROR;
				CLANG_WARN_UNREACHABLE_CODE = YES;
				CLANG_WARN__DUPLICATE_METHOD_MATCH = YES;
				CODE_SIGN_IDENTITY = "-";
				COPY_PHASE_STRIP = NO;
				DEBUG_INFORMATION_FORMAT = "dwarf-with-dsym";
				ENABLE_NS_ASSERTIONS = NO;
				ENABLE_STRICT_OBJC_MSGSEND = YES;
				GCC_C_LANGUAGE_STANDARD = gnu99;
				GCC_NO_COMMON_BLOCKS = YES;
				GCC_WARN_64_TO_32_BIT_CONVERSION = YES;
				GCC_WARN_ABOUT_RETURN_TYPE = YES_ERROR;
				GCC_WARN_UNDECLARED_SELECTOR = YES;
				GCC_WARN_UNINITIALIZED_AUTOS = YES_AGGRESSIVE;
				GCC_WARN_UNUSED_FUNCTION = YES;
				GCC_WARN_UNUSED_VARIABLE = YES;
				MACOSX_DEPLOYMENT_TARGET = 10.11;
				MTL_ENABLE_DEBUG_INFO = NO;
				SDKROOT = macosx;
			};
			name = Release;
		};
		34FDDB271D0998030069481B /* Debug */ = {
			isa = XCBuildConfiguration;
			buildSettings = {
				EXECUTABLE_EXTENSION = jnilib;
				EXECUTABLE_PREFIX = lib;
				PRODUCT_NAME = "$(TARGET_NAME)";
			};
			name = Debug;
		};
		34FDDB281D0998030069481B /* Release */ = {
			isa = XCBuildConfiguration;
			buildSettings = {
				EXECUTABLE_EXTENSION = jnilib;
				EXECUTABLE_PREFIX = lib;
				PRODUCT_NAME = "$(TARGET_NAME)";
			};
			name = Release;
		};
/* End XCBuildConfiguration section */

/* Begin XCConfigurationList section */
		34FDDB1D1D0998030069481B /* Build configuration list for PBXProject "AutoAxeCreatorJNI" */ = {
			isa = XCConfigurationList;
			buildConfigurations = (
				34FDDB241D0998030069481B /* Debug */,
				34FDDB251D0998030069481B /* Release */,
			);
			defaultConfigurationIsVisible = 0;
			defaultConfigurationName = Release;
		};
		34FDDB261D0998030069481B /* Build configuration list for PBXNativeTarget "AutoAxeCreatorJNI" */ = {
			isa = XCConfigurationList;
			buildConfigurations = (
				34FDDB271D0998030069481B /* Debug */,
				34FDDB281D0998030069481B /* Release */,
			);
			defaultConfigurationIsVisible = 0;
		};
/* End XCConfigurationList section */
	};
	rootObject = 34FDDB1A1D0998030069481B /* Project object */;
}
